
Microsoft Visual Studio Solution File, Format Version 12.00
# Visual Studio 14
VisualStudioVersion = 14.0.25123.0
MinimumVisualStudioVersion = 10.0.40219.1
Project("{8BC9CEB8-8B4A-11D0-8D11-00A0C91BC942}") = "First", "First\First.vcxproj", "{B3149FB3-7423-4E5F-A24B-8261C8168ED2}"
EndProject
Project("{8BC9CEB8-8B4A-11D0-8D11-00A0C91BC942}") = "Lights", "Second\Second.vcxproj", "{6FB15098-56BD-46E7-A3BD-3F84E76E8FC2}"
EndProject
Project("{8BC9CEB8-8B4A-11D0-8D11-00A0C91BC942}") = "Model", "Third\Third.vcxproj", "{7C45E116-652E-4FF2-AADB-B5466A66FE1E}"
EndProject
Project("{8BC9CEB8-8B4A-11D0-8D11-00A0C91BC942}") = "Piano", "Fourth\Fourth.vcxproj", "{5B4ED64A-D3DB-45EA-A2C6-7731EE53A51E}"
EndProject
Project("{8BC9CEB8-8B4A-11D0-8D11-00A0C91BC942}") = "Physics", "Five\Five.vcxproj", "{002A5ADD-BC20-404E-AA3E-196C441C3FD6}"
EndProject
Project("{8BC9CEB8-8B4A-11D0-8D11-00A0C91BC942}") = "Shadow", "Sixth\Sixth.vcxproj", "{5F6C05BB-2805-4579-97AF-CC1EA3C4FDBC}"
EndProject
Project("{8BC9CEB8-8B4A-11D0-8D11-00A0C91BC942}") = "Skinny", "Seven\Seven.vcxproj", "{348E7031-28BF-4A52-B420-2763C46C1C18}"
EndProject
Project("{8BC9CEB8-8B4A-11D0-8D11-00A0C91BC942}") = "NormalMap", "NormalMap\NormalMap.vcxproj", "{791BFE4B-BA17-435A-B747-6FBBCF6B562C}"
EndProject
Project("{8BC9CEB8-8B4A-11D0-8D11-00A0C91BC942}") = "ReliefMap", "ReliefMap\ReliefMap.vcxproj", "{08C04951-A0E4-441C-BFFC-71DE9E495524}"
EndProject
Project("{8BC9CEB8-8B4A-11D0-8D11-00A0C91BC942}") = "Testy", "Testy\Testy.vcxproj", "{B2224236-7D9A-4DD4-90BD-1BA98E55E8A0}"
EndProject
Global
	GlobalSection(SolutionConfigurationPlatforms) = preSolution
		Debug|x64 = Debug|x64
		Debug|x86 = Debug|x86
		Release|x64 = Release|x64
		Release|x86 = Release|x86
	EndGlobalSection
	GlobalSection(ProjectConfigurationPlatforms) = postSolution
		{B3149FB3-7423-4E5F-A24B-8261C8168ED2}.Debug|x64.ActiveCfg = Debug|x64
		{B3149FB3-7423-4E5F-A24B-8261C8168ED2}.Debug|x64.Build.0 = Debug|x64
		{B3149FB3-7423-4E5F-A24B-8261C8168ED2}.Debug|x86.ActiveCfg = Debug|Win32
		{B3149FB3-7423-4E5F-A24B-8261C8168ED2}.Debug|x86.Build.0 = Debug|Win32
		{B3149FB3-7423-4E5F-A24B-8261C8168ED2}.Release|x64.ActiveCfg = Release|x64
		{B3149FB3-7423-4E5F-A24B-8261C8168ED2}.Release|x64.Build.0 = Release|x64
		{B3149FB3-7423-4E5F-A24B-8261C8168ED2}.Release|x86.ActiveCfg = Release|Win32
		{B3149FB3-7423-4E5F-A24B-8261C8168ED2}.Release|x86.Build.0 = Release|Win32
		{6FB15098-56BD-46E7-A3BD-3F84E76E8FC2}.Debug|x64.ActiveCfg = Debug|x64
		{6FB15098-56BD-46E7-A3BD-3F84E76E8FC2}.Debug|x64.Build.0 = Debug|x64
		{6FB15098-56BD-46E7-A3BD-3F84E76E8FC2}.Debug|x86.ActiveCfg = Debug|Win32
		{6FB15098-56BD-46E7-A3BD-3F84E76E8FC2}.Debug|x86.Build.0 = Debug|Win32
		{6FB15098-56BD-46E7-A3BD-3F84E76E8FC2}.Release|x64.ActiveCfg = Release|x64
		{6FB15098-56BD-46E7-A3BD-3F84E76E8FC2}.Release|x64.Build.0 = Release|x64
		{6FB15098-56BD-46E7-A3BD-3F84E76E8FC2}.Release|x86.ActiveCfg = Release|Win32
		{6FB15098-56BD-46E7-A3BD-3F84E76E8FC2}.Release|x86.Build.0 = Release|Win32
		{7C45E116-652E-4FF2-AADB-B5466A66FE1E}.Debug|x64.ActiveCfg = Debug|x64
		{7C45E116-652E-4FF2-AADB-B5466A66FE1E}.Debug|x64.Build.0 = Debug|x64
		{7C45E116-652E-4FF2-AADB-B5466A66FE1E}.Debug|x86.ActiveCfg = Debug|Win32
		{7C45E116-652E-4FF2-AADB-B5466A66FE1E}.Debug|x86.Build.0 = Debug|Win32
		{7C45E116-652E-4FF2-AADB-B5466A66FE1E}.Release|x64.ActiveCfg = Release|x64
		{7C45E116-652E-4FF2-AADB-B5466A66FE1E}.Release|x64.Build.0 = Release|x64
		{7C45E116-652E-4FF2-AADB-B5466A66FE1E}.Release|x86.ActiveCfg = Release|Win32
		{7C45E116-652E-4FF2-AADB-B5466A66FE1E}.Release|x86.Build.0 = Release|Win32
		{5B4ED64A-D3DB-45EA-A2C6-7731EE53A51E}.Debug|x64.ActiveCfg = Debug|x64
		{5B4ED64A-D3DB-45EA-A2C6-7731EE53A51E}.Debug|x64.Build.0 = Debug|x64
		{5B4ED64A-D3DB-45EA-A2C6-7731EE53A51E}.Debug|x86.ActiveCfg = Debug|Win32
		{5B4ED64A-D3DB-45EA-A2C6-7731EE53A51E}.Debug|x86.Build.0 = Debug|Win32
		{5B4ED64A-D3DB-45EA-A2C6-7731EE53A51E}.Release|x64.ActiveCfg = Release|x64
		{5B4ED64A-D3DB-45EA-A2C6-7731EE53A51E}.Release|x64.Build.0 = Release|x64
		{5B4ED64A-D3DB-45EA-A2C6-7731EE53A51E}.Release|x86.ActiveCfg = Release|Win32
		{5B4ED64A-D3DB-45EA-A2C6-7731EE53A51E}.Release|x86.Build.0 = Release|Win32
		{002A5ADD-BC20-404E-AA3E-196C441C3FD6}.Debug|x64.ActiveCfg = Debug|x64
		{002A5ADD-BC20-404E-AA3E-196C441C3FD6}.Debug|x64.Build.0 = Debug|x64
		{002A5ADD-BC20-404E-AA3E-196C441C3FD6}.Debug|x86.ActiveCfg = Debug|Win32
		{002A5ADD-BC20-404E-AA3E-196C441C3FD6}.Debug|x86.Build.0 = Debug|Win32
		{002A5ADD-BC20-404E-AA3E-196C441C3FD6}.Release|x64.ActiveCfg = Release|x64
		{002A5ADD-BC20-404E-AA3E-196C441C3FD6}.Release|x64.Build.0 = Release|x64
		{002A5ADD-BC20-404E-AA3E-196C441C3FD6}.Release|x86.ActiveCfg = Release|Win32
		{002A5ADD-BC20-404E-AA3E-196C441C3FD6}.Release|x86.Build.0 = Release|Win32
		{5F6C05BB-2805-4579-97AF-CC1EA3C4FDBC}.Debug|x64.ActiveCfg = Debug|x64
		{5F6C05BB-2805-4579-97AF-CC1EA3C4FDBC}.Debug|x64.Build.0 = Debug|x64
		{5F6C05BB-2805-4579-97AF-CC1EA3C4FDBC}.Debug|x86.ActiveCfg = Debug|Win32
		{5F6C05BB-2805-4579-97AF-CC1EA3C4FDBC}.Debug|x86.Build.0 = Debug|Win32
		{5F6C05BB-2805-4579-97AF-CC1EA3C4FDBC}.Release|x64.ActiveCfg = Release|x64
		{5F6C05BB-2805-4579-97AF-CC1EA3C4FDBC}.Release|x64.Build.0 = Release|x64
		{5F6C05BB-2805-4579-97AF-CC1EA3C4FDBC}.Release|x86.ActiveCfg = Release|Win32
		{5F6C05BB-2805-4579-97AF-CC1EA3C4FDBC}.Release|x86.Build.0 = Release|Win32
		{348E7031-28BF-4A52-B420-2763C46C1C18}.Debug|x64.ActiveCfg = Debug|x64
		{348E7031-28BF-4A52-B420-2763C46C1C18}.Debug|x64.Build.0 = Debug|x64
		{348E7031-28BF-4A52-B420-2763C46C1C18}.Debug|x86.ActiveCfg = Debug|Win32
		{348E7031-28BF-4A52-B420-2763C46C1C18}.Debug|x86.Build.0 = Debug|Win32
		{348E7031-28BF-4A52-B420-2763C46C1C18}.Release|x64.ActiveCfg = Release|x64
		{348E7031-28BF-4A52-B420-2763C46C1C18}.Release|x64.Build.0 = Release|x64
		{348E7031-28BF-4A52-B420-2763C46C1C18}.Release|x86.ActiveCfg = Release|Win32
		{348E7031-28BF-4A52-B420-2763C46C1C18}.Release|x86.Build.0 = Release|Win32
		{791BFE4B-BA17-435A-B747-6FBBCF6B562C}.Debug|x64.ActiveCfg = Debug|x64
		{791BFE4B-BA17-435A-B747-6FBBCF6B562C}.Debug|x64.Build.0 = Debug|x64
		{791BFE4B-BA17-435A-B747-6FBBCF6B562C}.Debug|x86.ActiveCfg = Debug|Win32
		{791BFE4B-BA17-435A-B747-6FBBCF6B562C}.Debug|x86.Build.0 = Debug|Win32
		{791BFE4B-BA17-435A-B747-6FBBCF6B562C}.Release|x64.ActiveCfg = Release|x64
		{791BFE4B-BA17-435A-B747-6FBBCF6B562C}.Release|x64.Build.0 = Release|x64
		{791BFE4B-BA17-435A-B747-6FBBCF6B562C}.Release|x86.ActiveCfg = Release|Win32
		{791BFE4B-BA17-435A-B747-6FBBCF6B562C}.Release|x86.Build.0 = Release|Win32
		{08C04951-A0E4-441C-BFFC-71DE9E495524}.Debug|x64.ActiveCfg = Debug|x64
		{08C04951-A0E4-441C-BFFC-71DE9E495524}.Debug|x64.Build.0 = Debug|x64
		{08C04951-A0E4-441C-BFFC-71DE9E495524}.Debug|x86.ActiveCfg = Debug|Win32
		{08C04951-A0E4-441C-BFFC-71DE9E495524}.Debug|x86.Build.0 = Debug|Win32
		{08C04951-A0E4-441C-BFFC-71DE9E495524}.Release|x64.ActiveCfg = Release|x64
		{08C04951-A0E4-441C-BFFC-71DE9E495524}.Release|x64.Build.0 = Release|x64
		{08C04951-A0E4-441C-BFFC-71DE9E495524}.Release|x86.ActiveCfg = Release|Win32
		{08C04951-A0E4-441C-BFFC-71DE9E495524}.Release|x86.Build.0 = Release|Win32
		{B2224236-7D9A-4DD4-90BD-1BA98E55E8A0}.Debug|x64.ActiveCfg = Debug|x64
		{B2224236-7D9A-4DD4-90BD-1BA98E55E8A0}.Debug|x64.Build.0 = Debug|x64
		{B2224236-7D9A-4DD4-90BD-1BA98E55E8A0}.Debug|x86.ActiveCfg = Debug|Win32
		{B2224236-7D9A-4DD4-90BD-1BA98E55E8A0}.Debug|x86.Build.0 = Debug|Win32
		{B2224236-7D9A-4DD4-90BD-1BA98E55E8A0}.Release|x64.ActiveCfg = Release|x64
		{B2224236-7D9A-4DD4-90BD-1BA98E55E8A0}.Release|x64.Build.0 = Release|x64
		{B2224236-7D9A-4DD4-90BD-1BA98E55E8A0}.Release|x86.ActiveCfg = Release|Win32
		{B2224236-7D9A-4DD4-90BD-1BA98E55E8A0}.Release|x86.Build.0 = Release|Win32
	EndGlobalSection
	GlobalSection(SolutionProperties) = preSolution
		HideSolutionNode = FALSE
	EndGlobalSection
EndGlobal
